// !$*UTF8*$!
{
	archiveVersion = 1;
	classes = {
	};
	objectVersion = 55;
	objects = {

/* Begin PBXBuildFile section */
		AD8D540F27BE9A1300E7D2E3 /* seconddApp.swift in Sources */ = {isa = PBXBuildFile; fileRef = AD8D540E27BE9A1300E7D2E3 /* seconddApp.swift */; };
		AD8D541327BE9A1400E7D2E3 /* Assets.xcassets in Resources */ = {isa = PBXBuildFile; fileRef = AD8D541227BE9A1400E7D2E3 /* Assets.xcassets */; };
		AD8D541627BE9A1400E7D2E3 /* Preview Assets.xcassets in Resources */ = {isa = PBXBuildFile; fileRef = AD8D541527BE9A1400E7D2E3 /* Preview Assets.xcassets */; };
		AD8D541D27BE9A2E00E7D2E3 /* HomeScreen.swift in Sources */ = {isa = PBXBuildFile; fileRef = AD8D541C27BE9A2E00E7D2E3 /* HomeScreen.swift */; };
		AD8D542027BE9A9F00E7D2E3 /* Lottie in Frameworks */ = {isa = PBXBuildFile; productRef = AD8D541F27BE9A9F00E7D2E3 /* Lottie */; };
		AD8D542227BE9B3600E7D2E3 /* facebook.json in Resources */ = {isa = PBXBuildFile; fileRef = AD8D542127BE9B3600E7D2E3 /* facebook.json */; };
		AD8D542527BE9B5300E7D2E3 /* animation.swift in Sources */ = {isa = PBXBuildFile; fileRef = AD8D542427BE9B5300E7D2E3 /* animation.swift */; };
/* End PBXBuildFile section */

/* Begin PBXFileReference section */
		AD8D540B27BE9A1300E7D2E3 /* secondd.app */ = {isa = PBXFileReference; explicitFileType = wrapper.application; includeInIndex = 0; path = secondd.app; sourceTree = BUILT_PRODUCTS_DIR; };
		AD8D540E27BE9A1300E7D2E3 /* seconddApp.swift */ = {isa = PBXFileReference; lastKnownFileType = sourcecode.swift; path = seconddApp.swift; sourceTree = "<group>"; };
		AD8D541227BE9A1400E7D2E3 /* Assets.xcassets */ = {isa = PBXFileReference; lastKnownFileType = folder.assetcatalog; path = Assets.xcassets; sourceTree = "<group>"; };
		AD8D541527BE9A1400E7D2E3 /* Preview Assets.xcassets */ = {isa = PBXFileReference; lastKnownFileType = folder.assetcatalog; path = "Preview Assets.xcassets"; sourceTree = "<group>"; };
		AD8D541C27BE9A2E00E7D2E3 /* HomeScreen.swift */ = {isa = PBXFileReference; lastKnownFileType = sourcecode.swift; path = HomeScreen.swift; sourceTree = "<group>"; };
		AD8D542127BE9B3600E7D2E3 /* facebook.json */ = {isa = PBXFileReference; fileEncoding = 4; lastKnownFileType = text.json; path = facebook.json; sourceTree = "<group>"; };
		AD8D542427BE9B5300E7D2E3 /* animation.swift */ = {isa = PBXFileReference; lastKnownFileType = sourcecode.swift; path = animation.swift; sourceTree = "<group>"; };
/* End PBXFileReference section */

/* Begin PBXFrameworksBuildPhase section */
		AD8D540827BE9A1300E7D2E3 /* Frameworks */ = {
			isa = PBXFrameworksBuildPhase;
			buildActionMask = 2147483647;
			files = (
				AD8D542027BE9A9F00E7D2E3 /* Lottie in Frameworks */,
			);
			runOnlyForDeploymentPostprocessing = 0;
		};
/* End PBXFrameworksBuildPhase section */

/* Begin PBXGroup section */
		AD8D540227BE9A1300E7D2E3 = {
			isa = PBXGroup;
			children = (
				AD8D540D27BE9A1300E7D2E3 /* secondd */,
				AD8D540C27BE9A1300E7D2E3 /* Products */,
			);
			sourceTree = "<group>";
		};
		AD8D540C27BE9A1300E7D2E3 /* Products */ = {
			isa = PBXGroup;
			children = (
				AD8D540B27BE9A1300E7D2E3 /* secondd.app */,
			);
			name = Products;
			sourceTree = "<group>";
		};
		AD8D540D27BE9A1300E7D2E3 /* secondd */ = {
			isa = PBXGroup;
			children = (
				AD8D542327BE9B3A00E7D2E3 /* jsonfiles */,
				AD8D540E27BE9A1300E7D2E3 /* seconddApp.swift */,
				AD8D541C27BE9A2E00E7D2E3 /* HomeScreen.swift */,
				AD8D541227BE9A1400E7D2E3 /* Assets.xcassets */,
				AD8D541427BE9A1400E7D2E3 /* Preview Content */,
			);
			path = secondd;
			sourceTree = "<group>";
		};
		AD8D541427BE9A1400E7D2E3 /* Preview Content */ = {
			isa = PBXGroup;
			children = (
				AD8D541527BE9A1400E7D2E3 /* Preview Assets.xcassets */,
			);
			path = "Preview Content";
			sourceTree = "<group>";
		};
		AD8D542327BE9B3A00E7D2E3 /* jsonfiles */ = {
			isa = PBXGroup;
			children = (
				AD8D542127BE9B3600E7D2E3 /* facebook.json */,
				AD8D542427BE9B5300E7D2E3 /* animation.swift */,
			);
			path = jsonfiles;
			sourceTree = "<group>";
		};
/* End PBXGroup section */

/* Begin PBXNativeTarget section */
		AD8D540A27BE9A1300E7D2E3 /* secondd */ = {
			isa = PBXNativeTarget;
			buildConfigurationList = AD8D541927BE9A1400E7D2E3 /* Build configuration list for PBXNativeTarget "secondd" */;
			buildPhases = (
				AD8D540727BE9A1300E7D2E3 /* Sources */,
				AD8D540827BE9A1300E7D2E3 /* Frameworks */,
				AD8D540927BE9A1300E7D2E3 /* Resources */,
			);
			buildRules = (
			);
			dependencies = (
			);
			name = secondd;
			packageProductDependencies = (
				AD8D541F27BE9A9F00E7D2E3 /* Lottie */,
			);
			productName = secondd;
			productReference = AD8D540B27BE9A1300E7D2E3 /* secondd.app */;
			productType = "com.apple.product-type.application";
		};
/* End PBXNativeTarget section */

/* Begin PBXProject section */
		AD8D540327BE9A1300E7D2E3 /* Project object */ = {
			isa = PBXProject;
			attributes = {
				BuildIndependentTargetsInParallel = 1;
				LastSwiftUpdateCheck = 1320;
				LastUpgradeCheck = 1320;
				TargetAttributes = {
					AD8D540A27BE9A1300E7D2E3 = {
						CreatedOnToolsVersion = 13.2.1;
					};
				};
			};
			buildConfigurationList = AD8D540627BE9A1300E7D2E3 /* Build configuration list for PBXProject "secondd" */;
			compatibilityVersion = "Xcode 13.0";
			developmentRegion = en;
			hasScannedForEncodings = 0;
			knownRegions = (
				en,
				Base,
			);
			mainGroup = AD8D540227BE9A1300E7D2E3;
			packageReferences = (
				AD8D541E27BE9A9F00E7D2E3 /* XCRemoteSwiftPackageReference "lottie-ios" */,
			);
			productRefGroup = AD8D540C27BE9A1300E7D2E3 /* Products */;
			projectDirPath = "";
			projectRoot = "";
			targets = (
				AD8D540A27BE9A1300E7D2E3 /* secondd */,
			);
		};
/* End PBXProject section */

/* Begin PBXResourcesBuildPhase section */
		AD8D540927BE9A1300E7D2E3 /* Resources */ = {
			isa = PBXResourcesBuildPhase;
			buildActionMask = 2147483647;
			files = (
				AD8D541627BE9A1400E7D2E3 /* Preview Assets.xcassets in Resources */,
				AD8D541327BE9A1400E7D2E3 /* Assets.xcassets in Resources */,
				AD8D542227BE9B3600E7D2E3 /* facebook.json in Resources */,
			);
			runOnlyForDeploymentPostprocessing = 0;
		};
/* End PBXResourcesBuildPhase section */

/* Begin PBXSourcesBuildPhase section */
		AD8D540727BE9A1300E7D2E3 /* Sources */ = {
			isa = PBXSourcesBuildPhase;
			buildActionMask = 2147483647;
			files = (
				AD8D541D27BE9A2E00E7D2E3 /* HomeScreen.swift in Sources */,
				AD8D542527BE9B5300E7D2E3 /* animation.swift in Sources */,
				AD8D540F27BE9A1300E7D2E3 /* seconddApp.swift in Sources */,
			);
			runOnlyForDeploymentPostprocessing = 0;
		};
/* End PBXSourcesBuildPhase section */

/* Begin XCBuildConfiguration section */
		AD8D541727BE9A1400E7D2E3 /* Debug */ = {
			isa = XCBuildConfiguration;
			buildSettings = {
				ALWAYS_SEARCH_USER_PATHS = NO;
				CLANG_ANALYZER_NONNULL = YES;
				CLANG_ANALYZER_NUMBER_OBJECT_CONVERSION = YES_AGGRESSIVE;
				CLANG_CXX_LANGUAGE_STANDARD = "gnu++17";
				CLANG_CXX_LIBRARY = "libc++";
				CLANG_ENABLE_MODULES = YES;
				CLANG_ENABLE_OBJC_ARC = YES;
				CLANG_ENABLE_OBJC_WEAK = YES;
				CLANG_WARN_BLOCK_CAPTURE_AUTORELEASING = YES;
				CLANG_WARN_BOOL_CONVERSION = YES;
				CLANG_WARN_COMMA = YES;
				CLANG_WARN_CONSTANT_CONVERSION = YES;
				CLANG_WARN_DEPRECATED_OBJC_IMPLEMENTATIONS = YES;
				CLANG_WARN_DIRECT_OBJC_ISA_USAGE = YES_ERROR;
				CLANG_WARN_DOCUMENTATION_COMMENTS = YES;
				CLANG_WARN_EMPTY_BODY = YES;
				CLANG_WARN_ENUM_CONVERSION = YES;
				CLANG_WARN_INFINITE_RECURSION = YES;
				CLANG_WARN_INT_CONVERSION = YES;
				CLANG_WARN_NON_LITERAL_NULL_CONVERSION = YES;
				CLANG_WARN_OBJC_IMPLICIT_RETAIN_SELF = YES;
				CLANG_WARN_OBJC_LITERAL_CONVERSION = YES;
				CLANG_WARN_OBJC_ROOT_CLASS = YES_ERROR;
				CLANG_WARN_QUOTED_INCLUDE_IN_FRAMEWORK_HEADER = YES;
				CLANG_WARN_RANGE_LOOP_ANALYSIS = YES;
				CLANG_WARN_STRICT_PROTOTYPES = YES;
				CLANG_WARN_SUSPICIOUS_MOVE = YES;
				CLANG_WARN_UNGUARDED_AVAILABILITY = YES_AGGRESSIVE;
				CLANG_WARN_UNREACHABLE_CODE = YES;
				CLANG_WARN__DUPLICATE_METHOD_MATCH = YES;
				COPY_PHASE_STRIP = NO;
				DEBUG_INFORMATION_FORMAT = dwarf;
				ENABLE_STRICT_OBJC_MSGSEND = YES;
				ENABLE_TESTABILITY = YES;
				GCC_C_LANGUAGE_STANDARD = gnu11;
				GCC_DYNAMIC_NO_PIC = NO;
				GCC_NO_COMMON_BLOCKS = YES;
				GCC_OPTIMIZATION_LEVEL = 0;
				GCC_PREPROCESSOR_DEFINITIONS = (
					"DEBUG=1",
					"$(inherited)",
				);
				GCC_WARN_64_TO_32_BIT_CONVERSION = YES;
				GCC_WARN_ABOUT_RETURN_TYPE = YES_ERROR;
				GCC_WARN_UNDECLARED_SELECTOR = YES;
				GCC_WARN_UNINITIALIZED_AUTOS = YES_AGGRESSIVE;
				GCC_WARN_UNUSED_FUNCTION = YES;
				GCC_WARN_UNUSED_VARIABLE = YES;
				IPHONEOS_DEPLOYMENT_TARGET = 15.2;
				MTL_ENABLE_DEBUG_INFO = INCLUDE_SOURCE;
				MTL_FAST_MATH = YES;
				ONLY_ACTIVE_ARCH = YES;
				SDKROOT = iphoneos;
				SWIFT_ACTIVE_COMPILATION_CONDITIONS = DEBUG;
				SWIFT_OPTIMIZATION_LEVEL = "-Onone";
			};
			name = Debug;
		};
		AD8D541827BE9A1400E7D2E3 /* Release */ = {
			isa = XCBuildConfiguration;
			buildSettings = {
				ALWAYS_SEARCH_USER_PATHS = NO;
				CLANG_ANALYZER_NONNULL = YES;
				CLANG_ANALYZER_NUMBER_OBJECT_CONVERSION = YES_AGGRESSIVE;
				CLANG_CXX_LANGUAGE_STANDARD = "gnu++17";
				CLANG_CXX_LIBRARY = "libc++";
				CLANG_ENABLE_MODULES = YES;
				CLANG_ENABLE_OBJC_ARC = YES;
				CLANG_ENABLE_OBJC_WEAK = YES;
				CLANG_WARN_BLOCK_CAPTURE_AUTORELEASING = YES;
				CLANG_WARN_BOOL_CONVERSION = YES;
				CLANG_WARN_COMMA = YES;
				CLANG_WARN_CONSTANT_CONVERSION = YES;
				CLANG_WARN_DEPRECATED_OBJC_IMPLEMENTATIONS = YES;
				CLANG_WARN_DIRECT_OBJC_ISA_USAGE = YES_ERROR;
				CLANG_WARN_DOCUMENTATION_COMMENTS = YES;
				CLANG_WARN_EMPTY_BODY = YES;
				CLANG_WARN_ENUM_CONVERSION = YES;
				CLANG_WARN_INFINITE_RECURSION = YES;
				CLANG_WARN_INT_CONVERSION = YES;
				CLANG_WARN_NON_LITERAL_NULL_CONVERSION = YES;
				CLANG_WARN_OBJC_IMPLICIT_RETAIN_SELF = YES;
				CLANG_WARN_OBJC_LITERAL_CONVERSION = YES;
				CLANG_WARN_OBJC_ROOT_CLASS = YES_ERROR;
				CLANG_WARN_QUOTED_INCLUDE_IN_FRAMEWORK_HEADER = YES;
				CLANG_WARN_RANGE_LOOP_ANALYSIS = YES;
				CLANG_WARN_STRICT_PROTOTYPES = YES;
				CLANG_WARN_SUSPICIOUS_MOVE = YES;
				CLANG_WARN_UNGUARDED_AVAILABILITY = YES_AGGRESSIVE;
				CLANG_WARN_UNREACHABLE_CODE = YES;
				CLANG_WARN__DUPLICATE_METHOD_MATCH = YES;
				COPY_PHASE_STRIP = NO;
				DEBUG_INFORMATION_FORMAT = "dwarf-with-dsym";
				ENABLE_NS_ASSERTIONS = NO;
				ENABLE_STRICT_OBJC_MSGSEND = YES;
				GCC_C_LANGUAGE_STANDARD = gnu11;
				GCC_NO_COMMON_BLOCKS = YES;
				GCC_WARN_64_TO_32_BIT_CONVERSION = YES;
				GCC_WARN_ABOUT_RETURN_TYPE = YES_ERROR;
				GCC_WARN_UNDECLARED_SELECTOR = YES;
				GCC_WARN_UNINITIALIZED_AUTOS = YES_AGGRESSIVE;
				GCC_WARN_UNUSED_FUNCTION = YES;
				GCC_WARN_UNUSED_VARIABLE = YES;
				IPHONEOS_DEPLOYMENT_TARGET = 15.2;
				MTL_ENABLE_DEBUG_INFO = NO;
				MTL_FAST_MATH = YES;
				SDKROOT = iphoneos;
				SWIFT_COMPILATION_MODE = wholemodule;
				SWIFT_OPTIMIZATION_LEVEL = "-O";
				VALIDATE_PRODUCT = YES;
			};
			name = Release;
		};
		AD8D541A27BE9A1400E7D2E3 /* Debug */ = {
			isa = XCBuildConfiguration;
			buildSettings = {
				ASSETCATALOG_COMPILER_APPICON_NAME = AppIcon;
				ASSETCATALOG_COMPILER_GLOBAL_ACCENT_COLOR_NAME = AccentColor;
				CODE_SIGN_STYLE = Automatic;
				CURRENT_PROJECT_VERSION = 1;
				DEVELOPMENT_ASSET_PATHS = "\"secondd/Preview Content\"";
				ENABLE_PREVIEWS = YES;
				GENERATE_INFOPLIST_FILE = YES;
				INFOPLIST_KEY_UIApplicationSceneManifest_Generation = YES;
				INFOPLIST_KEY_UIApplicationSupportsIndirectInputEvents = YES;
				INFOPLIST_KEY_UILaunchScreen_Generation = YES;
				INFOPLIST_KEY_UISupportedInterfaceOrientations_iPad = "UIInterfaceOrientationPortrait UIInterfaceOrientationPortraitUpsideDown UIInterfaceOrientationLandscapeLeft UIInterfaceOrientationLandscapeRight";
				INFOPLIST_KEY_UISupportedInterfaceOrientations_iPhone = "UIInterfaceOrientationPortrait UIInterfaceOrientationLandscapeLeft UIInterfaceOrientationLandscapeRight";
				LD_RUNPATH_SEARCH_PATHS = (
					"$(inherited)",
					"@executable_path/Frameworks",
				);
				MARKETING_VERSION = 1.0;
				PRODUCT_BUNDLE_IDENTIFIER = demo.secondd;
				PRODUCT_NAME = "$(TARGET_NAME)";
				SWIFT_EMIT_LOC_STRINGS = YES;
				SWIFT_VERSION = 5.0;
				TARGETED_DEVICE_FAMILY = "1,2";
			};
			name = Debug;
		};
		AD8D541B27BE9A1400E7D2E3 /* Release */ = {
			isa = XCBuildConfiguration;
			buildSettings = {
				ASSETCATALOG_COMPILER_APPICON_NAME = AppIcon;
				ASSETCATALOG_COMPILER_GLOBAL_ACCENT_COLOR_NAME = AccentColor;
				CODE_SIGN_STYLE = Automatic;
				CURRENT_PROJECT_VERSION = 1;
				DEVELOPMENT_ASSET_PATHS = "\"secondd/Preview Content\"";
				ENABLE_PREVIEWS = YES;
				GENERATE_INFOPLIST_FILE = YES;
				INFOPLIST_KEY_UIApplicationSceneManifest_Generation = YES;
				INFOPLIST_KEY_UIApplicationSupportsIndirectInputEvents = YES;
				INFOPLIST_KEY_UILaunchScreen_Generation = YES;
				INFOPLIST_KEY_UISupportedInterfaceOrientations_iPad = "UIInterfaceOrientationPortrait UIInterfaceOrientationPortraitUpsideDown UIInterfaceOrientationLandscapeLeft UIInterfaceOrientationLandscapeRight";
				INFOPLIST_KEY_UISupportedInterfaceOrientations_iPhone = "UIInterfaceOrientationPortrait UIInterfaceOrientationLandscapeLeft UIInterfaceOrientationLandscapeRight";
				LD_RUNPATH_SEARCH_PATHS = (
					"$(inherited)",
					"@executable_path/Frameworks",
				);
				MARKETING_VERSION = 1.0;
				PRODUCT_BUNDLE_IDENTIFIER = demo.secondd;
				PRODUCT_NAME = "$(TARGET_NAME)";
				SWIFT_EMIT_LOC_STRINGS = YES;
				SWIFT_VERSION = 5.0;
				TARGETED_DEVICE_FAMILY = "1,2";
			};
			name = Release;
		};
/* End XCBuildConfiguration section */

/* Begin XCConfigurationList section */
		AD8D540627BE9A1300E7D2E3 /* Build configuration list for PBXProject "secondd" */ = {
			isa = XCConfigurationList;
			buildConfigurations = (
				AD8D541727BE9A1400E7D2E3 /* Debug */,
				AD8D541827BE9A1400E7D2E3 /* Release */,
			);
			defaultConfigurationIsVisible = 0;
			defaultConfigurationName = Release;
		};
		AD8D541927BE9A1400E7D2E3 /* Build configuration list for PBXNativeTarget "secondd" */ = {
			isa = XCConfigurationList;
			buildConfigurations = (
				AD8D541A27BE9A1400E7D2E3 /* Debug */,
				AD8D541B27BE9A1400E7D2E3 /* Release */,
			);
			defaultConfigurationIsVisible = 0;
			defaultConfigurationName = Release;
		};
/* End XCConfigurationList section */

/* Begin XCRemoteSwiftPackageReference section */
		AD8D541E27BE9A9F00E7D2E3 /* XCRemoteSwiftPackageReference "lottie-ios" */ = {
			isa = XCRemoteSwiftPackageReference;
			repositoryURL = "https://github.com/airbnb/lottie-ios.git";
			requirement = {
				branch = master;
				kind = branch;
			};
		};
/* End XCRemoteSwiftPackageReference section */

/* Begin XCSwiftPackageProductDependency section */
		AD8D541F27BE9A9F00E7D2E3 /* Lottie */ = {
			isa = XCSwiftPackageProductDependency;
			package = AD8D541E27BE9A9F00E7D2E3 /* XCRemoteSwiftPackageReference "lottie-ios" */;
			productName = Lottie;
		};
/* End XCSwiftPackageProductDependency section */
	};
	rootObject = AD8D540327BE9A1300E7D2E3 /* Project object */;
}
